Microsoft Visual Studio Solution File, Format Version 11.00
# Visual Studio 2008

Project("{0FA2D158-E24D-BF94-6678-94EBB5ECFA31}") = "type fury", "Assembly-CSharp.csproj", "{FA9A5D5E-06D0-4AE8-9746-BE22E0C35818}"
EndProject
Global
	GlobalSection(SolutionConfigurationPlatforms) = preSolution
		Debug|Any CPU = Debug|Any CPU
		Release|Any CPU = Release|Any CPU
	EndGlobalSection
	GlobalSection(ProjectConfigurationPlatforms) = postSolution
		{FA9A5D5E-06D0-4AE8-9746-BE22E0C35818}.Debug|Any CPU.ActiveCfg = Debug|Any CPU
		{FA9A5D5E-06D0-4AE8-9746-BE22E0C35818}.Debug|Any CPU.Build.0 = Debug|Any CPU
		{FA9A5D5E-06D0-4AE8-9746-BE22E0C35818}.Release|Any CPU.ActiveCfg = Release|Any CPU
		{FA9A5D5E-06D0-4AE8-9746-BE22E0C35818}.Release|Any CPU.Build.0 = Release|Any CPU
	EndGlobalSection
	GlobalSection(SolutionProperties) = preSolution
		HideSolutionNode = FALSE
	EndGlobalSection
	GlobalSection(MonoDevelopProperties) = preSolution
		StartupItem = Assembly-CSharp.csproj
	EndGlobalSection
EndGlobal
